
Microsoft Visual Studio Solution File, Format Version 12.00
# Visual Studio Version 16
VisualStudioVersion = 16.0.31205.134
MinimumVisualStudioVersion = 10.0.40219.1
Project("{FAE04EC0-301F-11D3-BF4B-00C04F79EFBC}") = "IngresoDinero", "IngresoDinero\IngresoDinero.csproj", "{34EDF56F-DE87-4B57-9AEF-6169AFCCD3D8}"
EndProject
Global
	GlobalSection(SolutionConfigurationPlatforms) = preSolution
		Debug|Any CPU = Debug|Any CPU
		Release|Any CPU = Release|Any CPU
	EndGlobalSection
	GlobalSection(ProjectConfigurationPlatforms) = postSolution
		{34EDF56F-DE87-4B57-9AEF-6169AFCCD3D8}.Debug|Any CPU.ActiveCfg = Debug|Any CPU
		{34EDF56F-DE87-4B57-9AEF-6169AFCCD3D8}.Debug|Any CPU.Build.0 = Debug|Any CPU
		{34EDF56F-DE87-4B57-9AEF-6169AFCCD3D8}.Release|Any CPU.ActiveCfg = Release|Any CPU
		{34EDF56F-DE87-4B57-9AEF-6169AFCCD3D8}.Release|Any CPU.Build.0 = Release|Any CPU
	EndGlobalSection
	GlobalSection(SolutionProperties) = preSolution
		HideSolutionNode = FALSE
	EndGlobalSection
	GlobalSection(ExtensibilityGlobals) = postSolution
		SolutionGuid = {29959033-DB53-4005-A67D-ED90A77AFD85}
	EndGlobalSection
EndGlobal
